github.com/agis/spawn v0.0.0-20180921114948-ff42eda08af2 h1:dcflyyZJqfEscQ2MPMPjTNBxz5HD4sVQ1DhPpKcbYIk=
github.com/agis/spawn v0.0.0-20180921114948-ff42eda08af2/go.mod h1:sF5dN6cOXWeyQd6YnItaxKFZ2rxDX/hDkHU5fQ3fAG0=
github.com/confluentinc/confluent-kafka-go v0.11.4 h1:uH5doflVcMn+2G/ECv0wxpgmVkvEpTwYFW57V2iLqHo=
github.com/confluentinc/confluent-kafka-go v0.11.4/go.mod h1:u2zNLny2xq+5rWeTQjFHbDzzNuba4P1vo31r9r4uAdg=
github.com/go-kit/kit v0.7.0 h1:ApufNmWF1H6/wUbAG81hZOHmqwd0zRf8mNfLjYj/064=
github.com/go-kit/kit v0.7.0/go.mod h1:xBxKIO96dXMWWy0MnWVtmwkA9/13aqxPnvrjFYMA2as=
github.com/go-logfmt/logfmt v0.3.0 h1:8HUsc87TaSWLKwrnumgC8/YconD2fJQsRJAsWaPg2ic=
github.com/go-logfmt/logfmt v0.3.0/go.mod h1:Qt1PoO58o5twSAckw1HlFXLmHsOX5/0LbT9GBnD5lWE=
github.com/go-redis/redis v6.8.0+incompatible h1:7UdTdfGcYAPZt8M2L+KzX+5e+wwP8lpafRsdgPnVu/U=
github.com/go-redis/redis v6.8.0+incompatible/go.mod h1:NAIEuMOZ/fxfXJIrKDQDz8wamY7mA7PouImQ2Jvg6kA=
github.com/go-stack/stack v1.7.0 h1:S04+lLfST9FvL8dl4R31wVUC/paZp/WQZbLmUgWboGw=
github.com/go-stack/stack v1.7.0/go.mod h1:v0f6uXyyMGvRgIKkXu+yp6POWl0qKG85gN/melR3HDY=
github.com/kr/logfmt v0.0.0-20140226030751-b84e30acd515/go.mod h1:+0opPa2QZZtGFBFZlji/RkVcI2GknAs/DXo4wKdlNEc=
github.com/rakyll/magicmime v0.1.0 h1:aFIp1DqgzjcB3FI7rQk6uZl73i1VPpWswab1YKU4CL4=
github.com/rakyll/magicmime v0.1.0/go.mod h1:OKs4S+1GpIAB1PCebhwp3rxhyipe7TiImiIeVyFlQt8=
github.com/rakyll/statik v0.1.1/go.mod h1:OEi9wJV/fMUAGx1eNjq75DKDsJVuEv1U0oYdX6GX8Zs=
github.com/urfave/cli v1.18.1 h1:IFc93MpteseEF1dvLEwx5Zn+K7xkbIcBGp36OwYlFx8=
github.com/urfave/cli v1.18.1/go.mod h1:70zkFmudgCuE/ngEzBv17Jvp/497gISqfk5gWijbERA=
