# This file is autogenerated, do not edit; changes may be undone by the next 'dep ensure'.


[[projects]]
  branch = "master"
  name = "github.com/agis/spawn"
  packages = ["."]
  revision = "ff42eda08af2d6d0a2819d99a49c4beb59b0a1b6"

[[projects]]
  name = "github.com/go-kit/kit"
  packages = ["log"]
  revision = "ca4112baa34cb55091301bdc13b1420a122b1b9e"
  version = "v0.7.0"

[[projects]]
  name = "github.com/go-logfmt/logfmt"
  packages = ["."]
  revision = "390ab7935ee28ec6b286364bba9b4dd6410cb3d5"
  version = "v0.3.0"

[[projects]]
  name = "github.com/go-redis/redis"
  packages = [".","internal","internal/consistenthash","internal/hashtag","internal/pool","internal/proto"]
  revision = "73b70592cdaa9e6abdfcfbf97b4a90d80728c836"
  version = "v6.8.0"

[[projects]]
  name = "github.com/go-stack/stack"
  packages = ["."]
  revision = "259ab82a6cad3992b4e21ff5cac294ccb06474bc"
  version = "v1.7.0"

[[projects]]
  branch = "master"
  name = "github.com/kr/logfmt"
  packages = ["."]
  revision = "b84e30acd515aadc4b783ad4ff83aff3299bdfe0"

[[projects]]
  name = "github.com/rakyll/magicmime"
  packages = ["."]
  revision = "9b99294d6b2216897632b9734769d8ce4568681e"
  version = "v0.1.0"

[[projects]]
  name = "github.com/rakyll/statik"
  packages = ["fs"]
  revision = "fd36b3595eb2ec8da4b8153b107f7ea08504899d"
  version = "v0.1.1"

[[projects]]
  name = "github.com/urfave/cli"
  packages = ["."]
  revision = "a14d7d367bc02b1f57d88de97926727f2d936387"
  version = "v1.18.1"

[solve-meta]
  analyzer-name = "dep"
  analyzer-version = 1
  inputs-digest = "29cc17e33ef73c5ce8a86777aae6414b00109df84bea6892890ecf92e75db874"
  solver-name = "gps-cdcl"
  solver-version = 1
