# This file is autogenerated, do not edit; changes may be undone by the next 'dep ensure'.


[[projects]]
  branch = "master"
  digest = "1:2d539f7a39608e46451dc04c5ae52063b66588c74ad96b5fa4f55602fa958867"
  name = "github.com/agis/spawn"
  packages = ["."]
  pruneopts = ""
  revision = "ff42eda08af2d6d0a2819d99a49c4beb59b0a1b6"

[[projects]]
  digest = "1:82b6c6a7f7f55495200481260dc7d81b3568d2f7e27310d3e6e4df2b7b8b7659"
  name = "github.com/confluentinc/confluent-kafka-go"
  packages = ["kafka"]
  pruneopts = ""
  revision = "5e4d04e05fc319ce5996a867aafef29059f26862"
  version = "v0.11.4"

[[projects]]
  digest = "1:684664f6d28c17faefd0e9824ccaae8a673c25b4fad17d2659c1ff36c6fe1c81"
  name = "github.com/go-kit/kit"
  packages = ["log"]
  pruneopts = ""
  revision = "ca4112baa34cb55091301bdc13b1420a122b1b9e"
  version = "v0.7.0"

[[projects]]
  digest = "1:6a4a01d58b227c4b6b11111b9f172ec5c17682b82724e58e6daf3f19f4faccd8"
  name = "github.com/go-logfmt/logfmt"
  packages = ["."]
  pruneopts = ""
  revision = "390ab7935ee28ec6b286364bba9b4dd6410cb3d5"
  version = "v0.3.0"

[[projects]]
  digest = "1:444e514d1bf978654f86095d2fc47dbf2db4c94426bf4611cda379be6d521226"
  name = "github.com/go-redis/redis"
  packages = [
    ".",
    "internal",
    "internal/consistenthash",
    "internal/hashtag",
    "internal/pool",
    "internal/proto",
  ]
  pruneopts = ""
  revision = "73b70592cdaa9e6abdfcfbf97b4a90d80728c836"
  version = "v6.8.0"

[[projects]]
  digest = "1:9ca737b471693542351e112c9e86be9bf7385e42256893a09ecb2a98e2036f74"
  name = "github.com/go-stack/stack"
  packages = ["."]
  pruneopts = ""
  revision = "259ab82a6cad3992b4e21ff5cac294ccb06474bc"
  version = "v1.7.0"

[[projects]]
  branch = "master"
  digest = "1:1ed9eeebdf24aadfbca57eb50e6455bd1d2474525e0f0d4454de8c8e9bc7ee9a"
  name = "github.com/kr/logfmt"
  packages = ["."]
  pruneopts = ""
  revision = "b84e30acd515aadc4b783ad4ff83aff3299bdfe0"

[[projects]]
  digest = "1:0de52dec79d82e2b23093a1a3181c1b9564ea2db4bda2e740b453b5f814c911d"
  name = "github.com/rakyll/magicmime"
  packages = ["."]
  pruneopts = ""
  revision = "9b99294d6b2216897632b9734769d8ce4568681e"
  version = "v0.1.0"

[[projects]]
  digest = "1:a5274bdfcc63825d620dbd395605f5039a94c2af784907677cc589fca8b7a028"
  name = "github.com/rakyll/statik"
  packages = ["fs"]
  pruneopts = ""
  revision = "fd36b3595eb2ec8da4b8153b107f7ea08504899d"
  version = "v0.1.1"

[[projects]]
  digest = "1:58b484c6ec08df874223d884af3028b3bf0d3606bd44c60d533e161e22dbb7bd"
  name = "github.com/urfave/cli"
  packages = ["."]
  pruneopts = ""
  revision = "a14d7d367bc02b1f57d88de97926727f2d936387"
  version = "v1.18.1"

[solve-meta]
  analyzer-name = "dep"
  analyzer-version = 1
  input-imports = [
    "github.com/agis/spawn",
    "github.com/confluentinc/confluent-kafka-go/kafka",
    "github.com/go-kit/kit/log",
    "github.com/go-redis/redis",
    "github.com/go-stack/stack",
    "github.com/rakyll/magicmime",
    "github.com/rakyll/statik/fs",
    "github.com/urfave/cli",
  ]
  solver-name = "gps-cdcl"
  solver-version = 1
